dependencies:
  idf:
    component_hash: null
    source:
      type: idf
    version: 5.2.1
  protocol_examples_common:
    component_hash: null
    source:
      path: C:\Users\arthu\esp\v5.2.1\esp-idf\examples\common_components\protocol_examples_common
      type: local
    version: '*'
manifest_hash: 2addf1ad6ad17e28cd806485f749fb75cb4d00b0e732191944d6a52e15f5c3cf
target: esp32
version: 1.0.0
